symfony 3e9d937eb8fedb8a585559e04311ee9a39db421f
twig 5bba14970604a26469af90b605d10c716b3af411
monolog b704c49a3051536f67f2d39f13568f74615b9922
doctrine-common 17e774007b98beb2e253e645260e0f9c32f4c936
doctrine-dbal 3dc1b22e12368bc3bd5aaa72a7d4f75f61273223
doctrine 8d3d604ed308bcda1249d716e9da691f539ee62b
swiftmailer 982b4c9498b7dd85e70f6d35e65d909c888e6345
assetic f829ad23d23c87480151a21faad49fefe7c09e5d
twig-extensions a05ab5ed18a51ae45f3dcc2d0c4ec9b3a6386987
metadata 8717ad2a5689480765d9ffafe925cd8a2457e582
SensioFrameworkExtraBundle 1c7e92f466d11f83130b0c1271f44d067a2c3b31
JMSSecurityExtraBundle 541a4c242328dc04b99540c75346cc74a7c0cfb5
SensioDistributionBundle 20b66a408084ad8752f98e50f10533f5245310bf
SensioGeneratorBundle dd37fc4487bc09ac01bdcf89e0ff4ee4484b7fab
AsseticBundle 41b5913b5086a0909af92adcb4a6005ee0051b16
doctrine-fixtures f09c0840df9cb7968c89acb91a9fa262f158b1c5
DoctrineFixturesBundle a66be2f077f3a4e5c3801b356b42b8782f1abbd6
DoctrineExtensions a67282ef62f83a16e1ee23ebde51ee79ebc42164
DoctrineExtensionsBundle 18576d358e0a4c5fa71386b7d56c3066a0ff126d
Fanta f2268d1b4ee9e9fe447a977962ead5bde039b58c
FantaBundle dbe694ff2193055f37b4b55496b5ceb7be813a4c
FOSUserBundle e892c16e98b78e1519309c8d35323d495c9822af
BCCExtraToolsBundle ef10cecfe37495887101110b852a8e23078a8b87
BehatBundle 4062918f3db5641ea70cd5bd4d78be4646b2b7b1
MinkBundle 788e4a170ab037bf810a26d2b25bfdb7b496df66
doctrine-migrations 9610f6bfe3bfb99c98da1f425e6c71bf02e52aaf
DoctrineMigrationsBundle dd9a336c574301b0b6a7e82a0865cab3d4d95503