symfony 2d4fb8ad502a80af475c7232b5497571ed32a641
twig 30929fde86f5ee12c863a3b572b0457ce52c140b
monolog b704c49a3051536f67f2d39f13568f74615b9922
doctrine-common 6c7f9cfd4664dc4f8056e4cd24b2c31d874ff6e9
doctrine-dbal e01f7468d85167120afc8210b23123a2788fd3c3
doctrine 78fa740b9412c5fa55e98c4f8a5bb2432e6beea6
swiftmailer 982b4c9498b7dd85e70f6d35e65d909c888e6345
assetic 4aeef88b7908510d0bcbbde357f0adf470534ed8
twig-extensions 1dfff8e793f50f651c4f74f796c2c68a4aee3147
metadata 8717ad2a5689480765d9ffafe925cd8a2457e582
SensioFrameworkExtraBundle 638f545b7020b9e9d5944a7e3167f60ed848250d
JMSSecurityExtraBundle 541a4c242328dc04b99540c75346cc74a7c0cfb5
SensioDistributionBundle 20b66a408084ad8752f98e50f10533f5245310bf
SensioGeneratorBundle b1ccb78c1743f30817b0fce9bb5c6baff6ed7bf8
AsseticBundle 41b5913b5086a0909af92adcb4a6005ee0051b16
doctrine-fixtures ffee818a6e3af526b774de11b690a36512fa6235
DoctrineFixturesBundle a66be2f077f3a4e5c3801b356b42b8782f1abbd6
DoctrineExtensions a30df5909b763e0462e5e1a40f54c5ebde8ba27f
DoctrineExtensionsBundle 051a9e00a2805e2cd4e1473e85e8f74dcb70e65c
Fanta c490684def33e992241e7fad33bcbd03d9d18643
FantaBundle 60d98f508010b0fab6a93bf079be39f4c9537f7c
FOSUserBundle a0e50724825fd73531a563f514168d8536b9187e
BCCExtraToolsBundle 7dfe5e093c09200504f2f30ac95d983e626e124f
BehatBundle 55ede38ec9694d67c7bc51e910f7009978421a56
MinkBundle 4f68c897b5a0b0414d3fad9b282a2a8885136cad
doctrine-migrations 9e81984b0f126b0830d9ac6acc2d1da81aba2b94
DoctrineMigrationsBundle dd9a336c574301b0b6a7e82a0865cab3d4d95503
JMSTranslationBundle 849c45ee26d7a7efed485aff2abc02ef8ce15757
php-parser e856fe39441c04eb8f2890c63b45bddcde83bc65