symfony 3e9d937eb8fedb8a585559e04311ee9a39db421f
twig 5bba14970604a26469af90b605d10c716b3af411
monolog b704c49a3051536f67f2d39f13568f74615b9922
doctrine-common 0281ab98b27d6f558a8fc3aab61a38507cfbe320
doctrine-dbal 485ed6556520443b6ab024284e6992a84e64a40c
doctrine e44289dbdba16fe56120ec9692651e526a4223f2
swiftmailer 982b4c9498b7dd85e70f6d35e65d909c888e6345
assetic f829ad23d23c87480151a21faad49fefe7c09e5d
twig-extensions 1dfff8e793f50f651c4f74f796c2c68a4aee3147
metadata 8717ad2a5689480765d9ffafe925cd8a2457e582
SensioFrameworkExtraBundle 638f545b7020b9e9d5944a7e3167f60ed848250d
JMSSecurityExtraBundle 541a4c242328dc04b99540c75346cc74a7c0cfb5
SensioDistributionBundle 20b66a408084ad8752f98e50f10533f5245310bf
SensioGeneratorBundle dd37fc4487bc09ac01bdcf89e0ff4ee4484b7fab
AsseticBundle 41b5913b5086a0909af92adcb4a6005ee0051b16
doctrine-fixtures bed8908ae929562317e5c59dc0bee24f3b63067e
DoctrineFixturesBundle a66be2f077f3a4e5c3801b356b42b8782f1abbd6
DoctrineExtensions 6061df4157496ce2866fdadb2392e5dabb8d106c
DoctrineExtensionsBundle 18576d358e0a4c5fa71386b7d56c3066a0ff126d
Fanta c490684def33e992241e7fad33bcbd03d9d18643
FantaBundle dbe694ff2193055f37b4b55496b5ceb7be813a4c
FOSUserBundle 6cbe4da32a58d9f8e4fc656dc22aea56c432d89d
BCCExtraToolsBundle ef10cecfe37495887101110b852a8e23078a8b87
BehatBundle 55ede38ec9694d67c7bc51e910f7009978421a56
MinkBundle 788e4a170ab037bf810a26d2b25bfdb7b496df66
doctrine-migrations 9e81984b0f126b0830d9ac6acc2d1da81aba2b94
DoctrineMigrationsBundle dd9a336c574301b0b6a7e82a0865cab3d4d95503
JMSTranslationBundle efd01bc5b691a13a9b97d2d2c8a59439ae0d8dbe
php-parser 584f6b0ab33a2dbd64768031eab737a25a5e007c